
Microsoft Visual Studio Solution File, Format Version 12.00
# Visual Studio Version 17
VisualStudioVersion = 17.6.33815.320
MinimumVisualStudioVersion = 10.0.40219.1
Project("{2150E333-8FDC-42A3-9474-1A3956D46DE8}") = "Infraestructure", "Infraestructure", "{3765AAEF-5768-4BF8-ACB0-FE5854CC5788}"
EndProject
Project("{2150E333-8FDC-42A3-9474-1A3956D46DE8}") = "Application", "Application", "{1374E01F-5D3A-4166-98CA-BC904BD00B0A}"
EndProject
Project("{2150E333-8FDC-42A3-9474-1A3956D46DE8}") = "MazeGeneration", "MazeGeneration", "{03859B55-D2AE-409A-8177-477086E2752C}"
EndProject
Project("{9A19103F-16F7-4668-BE54-9A1E7A4F7556}") = "Domain", "Infraestructure\Domain\Domain.csproj", "{7A6538E9-A6E1-4379-8D35-9B431E279480}"
EndProject
Project("{9A19103F-16F7-4668-BE54-9A1E7A4F7556}") = "Repository", "Infraestructure\Repository\Repository.csproj", "{FE0B8A4F-0BAA-44B0-B507-3C02E6644344}"
EndProject
Project("{9A19103F-16F7-4668-BE54-9A1E7A4F7556}") = "MazeApi", "Application\MazeApi\MazeApi.csproj", "{A94FA529-0D30-4165-A4DA-D01959160937}"
EndProject
Project("{9A19103F-16F7-4668-BE54-9A1E7A4F7556}") = "MazeGeneratorLib", "MazeGeneration\MazeGeneratorLib.csproj", "{86DF3B62-2DA0-426B-AD76-24BAD93A0206}"
EndProject
Global
	GlobalSection(SolutionConfigurationPlatforms) = preSolution
		Debug|Any CPU = Debug|Any CPU
		Release|Any CPU = Release|Any CPU
	EndGlobalSection
	GlobalSection(ProjectConfigurationPlatforms) = postSolution
		{7A6538E9-A6E1-4379-8D35-9B431E279480}.Debug|Any CPU.ActiveCfg = Debug|Any CPU
		{7A6538E9-A6E1-4379-8D35-9B431E279480}.Debug|Any CPU.Build.0 = Debug|Any CPU
		{7A6538E9-A6E1-4379-8D35-9B431E279480}.Release|Any CPU.ActiveCfg = Release|Any CPU
		{7A6538E9-A6E1-4379-8D35-9B431E279480}.Release|Any CPU.Build.0 = Release|Any CPU
		{FE0B8A4F-0BAA-44B0-B507-3C02E6644344}.Debug|Any CPU.ActiveCfg = Debug|Any CPU
		{FE0B8A4F-0BAA-44B0-B507-3C02E6644344}.Debug|Any CPU.Build.0 = Debug|Any CPU
		{FE0B8A4F-0BAA-44B0-B507-3C02E6644344}.Release|Any CPU.ActiveCfg = Release|Any CPU
		{FE0B8A4F-0BAA-44B0-B507-3C02E6644344}.Release|Any CPU.Build.0 = Release|Any CPU
		{A94FA529-0D30-4165-A4DA-D01959160937}.Debug|Any CPU.ActiveCfg = Debug|Any CPU
		{A94FA529-0D30-4165-A4DA-D01959160937}.Debug|Any CPU.Build.0 = Debug|Any CPU
		{A94FA529-0D30-4165-A4DA-D01959160937}.Release|Any CPU.ActiveCfg = Release|Any CPU
		{A94FA529-0D30-4165-A4DA-D01959160937}.Release|Any CPU.Build.0 = Release|Any CPU
		{86DF3B62-2DA0-426B-AD76-24BAD93A0206}.Debug|Any CPU.ActiveCfg = Debug|Any CPU
		{86DF3B62-2DA0-426B-AD76-24BAD93A0206}.Debug|Any CPU.Build.0 = Debug|Any CPU
		{86DF3B62-2DA0-426B-AD76-24BAD93A0206}.Release|Any CPU.ActiveCfg = Release|Any CPU
		{86DF3B62-2DA0-426B-AD76-24BAD93A0206}.Release|Any CPU.Build.0 = Release|Any CPU
	EndGlobalSection
	GlobalSection(SolutionProperties) = preSolution
		HideSolutionNode = FALSE
	EndGlobalSection
	GlobalSection(NestedProjects) = preSolution
		{7A6538E9-A6E1-4379-8D35-9B431E279480} = {3765AAEF-5768-4BF8-ACB0-FE5854CC5788}
		{FE0B8A4F-0BAA-44B0-B507-3C02E6644344} = {3765AAEF-5768-4BF8-ACB0-FE5854CC5788}
		{A94FA529-0D30-4165-A4DA-D01959160937} = {1374E01F-5D3A-4166-98CA-BC904BD00B0A}
		{86DF3B62-2DA0-426B-AD76-24BAD93A0206} = {03859B55-D2AE-409A-8177-477086E2752C}
	EndGlobalSection
	GlobalSection(ExtensibilityGlobals) = postSolution
		SolutionGuid = {8E21A942-0299-4781-AF54-8334A2468127}
	EndGlobalSection
EndGlobal
